// !$*UTF8*$!
{
	archiveVersion = 1;
	classes = {
	};
	objectVersion = 56;
	objects = {

/* Begin PBXBuildFile section */
		4A6756242A0D715E008C88F5 /* AppDelegate.swift in Sources */ = {isa = PBXBuildFile; fileRef = 4A6756232A0D715E008C88F5 /* AppDelegate.swift */; };
		4A6756262A0D715E008C88F5 /* SceneDelegate.swift in Sources */ = {isa = PBXBuildFile; fileRef = 4A6756252A0D715E008C88F5 /* SceneDelegate.swift */; };
		4A6756282A0D715E008C88F5 /* ViewController.swift in Sources */ = {isa = PBXBuildFile; fileRef = 4A6756272A0D715E008C88F5 /* ViewController.swift */; };
		4A67562B2A0D715E008C88F5 /* Main.storyboard in Resources */ = {isa = PBXBuildFile; fileRef = 4A6756292A0D715E008C88F5 /* Main.storyboard */; };
		4A67562D2A0D715E008C88F5 /* Assets.xcassets in Resources */ = {isa = PBXBuildFile; fileRef = 4A67562C2A0D715E008C88F5 /* Assets.xcassets */; };
		4A6756302A0D715E008C88F5 /* LaunchScreen.storyboard in Resources */ = {isa = PBXBuildFile; fileRef = 4A67562E2A0D715E008C88F5 /* LaunchScreen.storyboard */; };
		4A67563B2A0D715F008C88F5 /* JokeAppTests.swift in Sources */ = {isa = PBXBuildFile; fileRef = 4A67563A2A0D715F008C88F5 /* JokeAppTests.swift */; };
		4A6756452A0D715F008C88F5 /* JokeAppUITests.swift in Sources */ = {isa = PBXBuildFile; fileRef = 4A6756442A0D715F008C88F5 /* JokeAppUITests.swift */; };
		4A6756472A0D715F008C88F5 /* JokeAppUITestsLaunchTests.swift in Sources */ = {isa = PBXBuildFile; fileRef = 4A6756462A0D715F008C88F5 /* JokeAppUITestsLaunchTests.swift */; };
		4A6756582A0D72DC008C88F5 /* Roboto-Medium.ttf in Resources */ = {isa = PBXBuildFile; fileRef = 4A6756552A0D72DC008C88F5 /* Roboto-Medium.ttf */; };
		4A6756592A0D72DC008C88F5 /* Roboto-BoldItalic.ttf in Resources */ = {isa = PBXBuildFile; fileRef = 4A6756562A0D72DC008C88F5 /* Roboto-BoldItalic.ttf */; };
		4A67565A2A0D72DC008C88F5 /* Roboto-Bold.ttf in Resources */ = {isa = PBXBuildFile; fileRef = 4A6756572A0D72DC008C88F5 /* Roboto-Bold.ttf */; };
/* End PBXBuildFile section */

/* Begin PBXContainerItemProxy section */
		4A6756372A0D715F008C88F5 /* PBXContainerItemProxy */ = {
			isa = PBXContainerItemProxy;
			containerPortal = 4A6756182A0D715E008C88F5 /* Project object */;
			proxyType = 1;
			remoteGlobalIDString = 4A67561F2A0D715E008C88F5;
			remoteInfo = JokeApp;
		};
		4A6756412A0D715F008C88F5 /* PBXContainerItemProxy */ = {
			isa = PBXContainerItemProxy;
			containerPortal = 4A6756182A0D715E008C88F5 /* Project object */;
			proxyType = 1;
			remoteGlobalIDString = 4A67561F2A0D715E008C88F5;
			remoteInfo = JokeApp;
		};
/* End PBXContainerItemProxy section */

/* Begin PBXFileReference section */
		4A6756202A0D715E008C88F5 /* JokeApp.app */ = {isa = PBXFileReference; explicitFileType = wrapper.application; includeInIndex = 0; path = JokeApp.app; sourceTree = BUILT_PRODUCTS_DIR; };
		4A6756232A0D715E008C88F5 /* AppDelegate.swift */ = {isa = PBXFileReference; lastKnownFileType = sourcecode.swift; path = AppDelegate.swift; sourceTree = "<group>"; };
		4A6756252A0D715E008C88F5 /* SceneDelegate.swift */ = {isa = PBXFileReference; lastKnownFileType = sourcecode.swift; path = SceneDelegate.swift; sourceTree = "<group>"; };
		4A6756272A0D715E008C88F5 /* ViewController.swift */ = {isa = PBXFileReference; lastKnownFileType = sourcecode.swift; path = ViewController.swift; sourceTree = "<group>"; };
		4A67562A2A0D715E008C88F5 /* Base */ = {isa = PBXFileReference; lastKnownFileType = file.storyboard; name = Base; path = Base.lproj/Main.storyboard; sourceTree = "<group>"; };
		4A67562C2A0D715E008C88F5 /* Assets.xcassets */ = {isa = PBXFileReference; lastKnownFileType = folder.assetcatalog; path = Assets.xcassets; sourceTree = "<group>"; };
		4A67562F2A0D715E008C88F5 /* Base */ = {isa = PBXFileReference; lastKnownFileType = file.storyboard; name = Base; path = Base.lproj/LaunchScreen.storyboard; sourceTree = "<group>"; };
		4A6756312A0D715E008C88F5 /* Info.plist */ = {isa = PBXFileReference; lastKnownFileType = text.plist.xml; path = Info.plist; sourceTree = "<group>"; };
		4A6756362A0D715F008C88F5 /* JokeAppTests.xctest */ = {isa = PBXFileReference; explicitFileType = wrapper.cfbundle; includeInIndex = 0; path = JokeAppTests.xctest; sourceTree = BUILT_PRODUCTS_DIR; };
		4A67563A2A0D715F008C88F5 /* JokeAppTests.swift */ = {isa = PBXFileReference; lastKnownFileType = sourcecode.swift; path = JokeAppTests.swift; sourceTree = "<group>"; };
		4A6756402A0D715F008C88F5 /* JokeAppUITests.xctest */ = {isa = PBXFileReference; explicitFileType = wrapper.cfbundle; includeInIndex = 0; path = JokeAppUITests.xctest; sourceTree = BUILT_PRODUCTS_DIR; };
		4A6756442A0D715F008C88F5 /* JokeAppUITests.swift */ = {isa = PBXFileReference; lastKnownFileType = sourcecode.swift; path = JokeAppUITests.swift; sourceTree = "<group>"; };
		4A6756462A0D715F008C88F5 /* JokeAppUITestsLaunchTests.swift */ = {isa = PBXFileReference; lastKnownFileType = sourcecode.swift; path = JokeAppUITestsLaunchTests.swift; sourceTree = "<group>"; };
		4A6756552A0D72DC008C88F5 /* Roboto-Medium.ttf */ = {isa = PBXFileReference; lastKnownFileType = file; path = "Roboto-Medium.ttf"; sourceTree = "<group>"; };
		4A6756562A0D72DC008C88F5 /* Roboto-BoldItalic.ttf */ = {isa = PBXFileReference; lastKnownFileType = file; path = "Roboto-BoldItalic.ttf"; sourceTree = "<group>"; };
		4A6756572A0D72DC008C88F5 /* Roboto-Bold.ttf */ = {isa = PBXFileReference; lastKnownFileType = file; path = "Roboto-Bold.ttf"; sourceTree = "<group>"; };
/* End PBXFileReference section */

/* Begin PBXFrameworksBuildPhase section */
		4A67561D2A0D715E008C88F5 /* Frameworks */ = {
			isa = PBXFrameworksBuildPhase;
			buildActionMask = 2147483647;
			files = (
			);
			runOnlyForDeploymentPostprocessing = 0;
		};
		4A6756332A0D715F008C88F5 /* Frameworks */ = {
			isa = PBXFrameworksBuildPhase;
			buildActionMask = 2147483647;
			files = (
			);
			runOnlyForDeploymentPostprocessing = 0;
		};
		4A67563D2A0D715F008C88F5 /* Frameworks */ = {
			isa = PBXFrameworksBuildPhase;
			buildActionMask = 2147483647;
			files = (
			);
			runOnlyForDeploymentPostprocessing = 0;
		};
/* End PBXFrameworksBuildPhase section */

/* Begin PBXGroup section */
		4A6756172A0D715E008C88F5 = {
			isa = PBXGroup;
			children = (
				4A6756222A0D715E008C88F5 /* JokeApp */,
				4A6756392A0D715F008C88F5 /* JokeAppTests */,
				4A6756432A0D715F008C88F5 /* JokeAppUITests */,
				4A6756212A0D715E008C88F5 /* Products */,
			);
			sourceTree = "<group>";
		};
		4A6756212A0D715E008C88F5 /* Products */ = {
			isa = PBXGroup;
			children = (
				4A6756202A0D715E008C88F5 /* JokeApp.app */,
				4A6756362A0D715F008C88F5 /* JokeAppTests.xctest */,
				4A6756402A0D715F008C88F5 /* JokeAppUITests.xctest */,
			);
			name = Products;
			sourceTree = "<group>";
		};
		4A6756222A0D715E008C88F5 /* JokeApp */ = {
			isa = PBXGroup;
			children = (
				4A6756232A0D715E008C88F5 /* AppDelegate.swift */,
				4A6756252A0D715E008C88F5 /* SceneDelegate.swift */,
				4A6756272A0D715E008C88F5 /* ViewController.swift */,
				4A6756292A0D715E008C88F5 /* Main.storyboard */,
				4A67562C2A0D715E008C88F5 /* Assets.xcassets */,
				4A67562E2A0D715E008C88F5 /* LaunchScreen.storyboard */,
				4A6756312A0D715E008C88F5 /* Info.plist */,
			);
			path = JokeApp;
			sourceTree = "<group>";
		};
		4A6756392A0D715F008C88F5 /* JokeAppTests */ = {
			isa = PBXGroup;
			children = (
				4A67563A2A0D715F008C88F5 /* JokeAppTests.swift */,
			);
			path = JokeAppTests;
			sourceTree = "<group>";
		};
		4A6756432A0D715F008C88F5 /* JokeAppUITests */ = {
			isa = PBXGroup;
			children = (
				4A6756442A0D715F008C88F5 /* JokeAppUITests.swift */,
				4A6756462A0D715F008C88F5 /* JokeAppUITestsLaunchTests.swift */,
				4A6756532A0D72DC008C88F5 /* Resources */,
			);
			path = JokeAppUITests;
			sourceTree = "<group>";
		};
		4A6756532A0D72DC008C88F5 /* Resources */ = {
			isa = PBXGroup;
			children = (
				4A6756542A0D72DC008C88F5 /* Fonts */,
			);
			path = Resources;
			sourceTree = "<group>";
		};
		4A6756542A0D72DC008C88F5 /* Fonts */ = {
			isa = PBXGroup;
			children = (
				4A6756552A0D72DC008C88F5 /* Roboto-Medium.ttf */,
				4A6756562A0D72DC008C88F5 /* Roboto-BoldItalic.ttf */,
				4A6756572A0D72DC008C88F5 /* Roboto-Bold.ttf */,
			);
			path = Fonts;
			sourceTree = "<group>";
		};
/* End PBXGroup section */

/* Begin PBXNativeTarget section */
		4A67561F2A0D715E008C88F5 /* JokeApp */ = {
			isa = PBXNativeTarget;
			buildConfigurationList = 4A67564A2A0D715F008C88F5 /* Build configuration list for PBXNativeTarget "JokeApp" */;
			buildPhases = (
				4A67561C2A0D715E008C88F5 /* Sources */,
				4A67561D2A0D715E008C88F5 /* Frameworks */,
				4A67561E2A0D715E008C88F5 /* Resources */,
			);
			buildRules = (
			);
			dependencies = (
			);
			name = JokeApp;
			productName = JokeApp;
			productReference = 4A6756202A0D715E008C88F5 /* JokeApp.app */;
			productType = "com.apple.product-type.application";
		};
		4A6756352A0D715F008C88F5 /* JokeAppTests */ = {
			isa = PBXNativeTarget;
			buildConfigurationList = 4A67564D2A0D715F008C88F5 /* Build configuration list for PBXNativeTarget "JokeAppTests" */;
			buildPhases = (
				4A6756322A0D715F008C88F5 /* Sources */,
				4A6756332A0D715F008C88F5 /* Frameworks */,
				4A6756342A0D715F008C88F5 /* Resources */,
			);
			buildRules = (
			);
			dependencies = (
				4A6756382A0D715F008C88F5 /* PBXTargetDependency */,
			);
			name = JokeAppTests;
			productName = JokeAppTests;
			productReference = 4A6756362A0D715F008C88F5 /* JokeAppTests.xctest */;
			productType = "com.apple.product-type.bundle.unit-test";
		};
		4A67563F2A0D715F008C88F5 /* JokeAppUITests */ = {
			isa = PBXNativeTarget;
			buildConfigurationList = 4A6756502A0D715F008C88F5 /* Build configuration list for PBXNativeTarget "JokeAppUITests" */;
			buildPhases = (
				4A67563C2A0D715F008C88F5 /* Sources */,
				4A67563D2A0D715F008C88F5 /* Frameworks */,
				4A67563E2A0D715F008C88F5 /* Resources */,
			);
			buildRules = (
			);
			dependencies = (
				4A6756422A0D715F008C88F5 /* PBXTargetDependency */,
			);
			name = JokeAppUITests;
			productName = JokeAppUITests;
			productReference = 4A6756402A0D715F008C88F5 /* JokeAppUITests.xctest */;
			productType = "com.apple.product-type.bundle.ui-testing";
		};
/* End PBXNativeTarget section */

/* Begin PBXProject section */
		4A6756182A0D715E008C88F5 /* Project object */ = {
			isa = PBXProject;
			attributes = {
				BuildIndependentTargetsInParallel = 1;
				LastSwiftUpdateCheck = 1420;
				LastUpgradeCheck = 1420;
				TargetAttributes = {
					4A67561F2A0D715E008C88F5 = {
						CreatedOnToolsVersion = 14.2;
					};
					4A6756352A0D715F008C88F5 = {
						CreatedOnToolsVersion = 14.2;
						TestTargetID = 4A67561F2A0D715E008C88F5;
					};
					4A67563F2A0D715F008C88F5 = {
						CreatedOnToolsVersion = 14.2;
						TestTargetID = 4A67561F2A0D715E008C88F5;
					};
				};
			};
			buildConfigurationList = 4A67561B2A0D715E008C88F5 /* Build configuration list for PBXProject "JokeApp" */;
			compatibilityVersion = "Xcode 14.0";
			developmentRegion = en;
			hasScannedForEncodings = 0;
			knownRegions = (
				en,
				Base,
			);
			mainGroup = 4A6756172A0D715E008C88F5;
			productRefGroup = 4A6756212A0D715E008C88F5 /* Products */;
			projectDirPath = "";
			projectRoot = "";
			targets = (
				4A67561F2A0D715E008C88F5 /* JokeApp */,
				4A6756352A0D715F008C88F5 /* JokeAppTests */,
				4A67563F2A0D715F008C88F5 /* JokeAppUITests */,
			);
		};
/* End PBXProject section */

/* Begin PBXResourcesBuildPhase section */
		4A67561E2A0D715E008C88F5 /* Resources */ = {
			isa = PBXResourcesBuildPhase;
			buildActionMask = 2147483647;
			files = (
				4A6756582A0D72DC008C88F5 /* Roboto-Medium.ttf in Resources */,
				4A6756302A0D715E008C88F5 /* LaunchScreen.storyboard in Resources */,
				4A67565A2A0D72DC008C88F5 /* Roboto-Bold.ttf in Resources */,
				4A67562D2A0D715E008C88F5 /* Assets.xcassets in Resources */,
				4A6756592A0D72DC008C88F5 /* Roboto-BoldItalic.ttf in Resources */,
				4A67562B2A0D715E008C88F5 /* Main.storyboard in Resources */,
			);
			runOnlyForDeploymentPostprocessing = 0;
		};
		4A6756342A0D715F008C88F5 /* Resources */ = {
			isa = PBXResourcesBuildPhase;
			buildActionMask = 2147483647;
			files = (
			);
			runOnlyForDeploymentPostprocessing = 0;
		};
		4A67563E2A0D715F008C88F5 /* Resources */ = {
			isa = PBXResourcesBuildPhase;
			buildActionMask = 2147483647;
			files = (
			);
			runOnlyForDeploymentPostprocessing = 0;
		};
/* End PBXResourcesBuildPhase section */

/* Begin PBXSourcesBuildPhase section */
		4A67561C2A0D715E008C88F5 /* Sources */ = {
			isa = PBXSourcesBuildPhase;
			buildActionMask = 2147483647;
			files = (
				4A6756282A0D715E008C88F5 /* ViewController.swift in Sources */,
				4A6756242A0D715E008C88F5 /* AppDelegate.swift in Sources */,
				4A6756262A0D715E008C88F5 /* SceneDelegate.swift in Sources */,
			);
			runOnlyForDeploymentPostprocessing = 0;
		};
		4A6756322A0D715F008C88F5 /* Sources */ = {
			isa = PBXSourcesBuildPhase;
			buildActionMask = 2147483647;
			files = (
				4A67563B2A0D715F008C88F5 /* JokeAppTests.swift in Sources */,
			);
			runOnlyForDeploymentPostprocessing = 0;
		};
		4A67563C2A0D715F008C88F5 /* Sources */ = {
			isa = PBXSourcesBuildPhase;
			buildActionMask = 2147483647;
			files = (
				4A6756452A0D715F008C88F5 /* JokeAppUITests.swift in Sources */,
				4A6756472A0D715F008C88F5 /* JokeAppUITestsLaunchTests.swift in Sources */,
			);
			runOnlyForDeploymentPostprocessing = 0;
		};
/* End PBXSourcesBuildPhase section */

/* Begin PBXTargetDependency section */
		4A6756382A0D715F008C88F5 /* PBXTargetDependency */ = {
			isa = PBXTargetDependency;
			target = 4A67561F2A0D715E008C88F5 /* JokeApp */;
			targetProxy = 4A6756372A0D715F008C88F5 /* PBXContainerItemProxy */;
		};
		4A6756422A0D715F008C88F5 /* PBXTargetDependency */ = {
			isa = PBXTargetDependency;
			target = 4A67561F2A0D715E008C88F5 /* JokeApp */;
			targetProxy = 4A6756412A0D715F008C88F5 /* PBXContainerItemProxy */;
		};
/* End PBXTargetDependency section */

/* Begin PBXVariantGroup section */
		4A6756292A0D715E008C88F5 /* Main.storyboard */ = {
			isa = PBXVariantGroup;
			children = (
				4A67562A2A0D715E008C88F5 /* Base */,
			);
			name = Main.storyboard;
			sourceTree = "<group>";
		};
		4A67562E2A0D715E008C88F5 /* LaunchScreen.storyboard */ = {
			isa = PBXVariantGroup;
			children = (
				4A67562F2A0D715E008C88F5 /* Base */,
			);
			name = LaunchScreen.storyboard;
			sourceTree = "<group>";
		};
/* End PBXVariantGroup section */

/* Begin XCBuildConfiguration section */
		4A6756482A0D715F008C88F5 /* Debug */ = {
			isa = XCBuildConfiguration;
			buildSettings = {
				ALWAYS_SEARCH_USER_PATHS = NO;
				CLANG_ANALYZER_NONNULL = YES;
				CLANG_ANALYZER_NUMBER_OBJECT_CONVERSION = YES_AGGRESSIVE;
				CLANG_CXX_LANGUAGE_STANDARD = "gnu++20";
				CLANG_ENABLE_MODULES = YES;
				CLANG_ENABLE_OBJC_ARC = YES;
				CLANG_ENABLE_OBJC_WEAK = YES;
				CLANG_WARN_BLOCK_CAPTURE_AUTORELEASING = YES;
				CLANG_WARN_BOOL_CONVERSION = YES;
				CLANG_WARN_COMMA = YES;
				CLANG_WARN_CONSTANT_CONVERSION = YES;
				CLANG_WARN_DEPRECATED_OBJC_IMPLEMENTATIONS = YES;
				CLANG_WARN_DIRECT_OBJC_ISA_USAGE = YES_ERROR;
				CLANG_WARN_DOCUMENTATION_COMMENTS = YES;
				CLANG_WARN_EMPTY_BODY = YES;
				CLANG_WARN_ENUM_CONVERSION = YES;
				CLANG_WARN_INFINITE_RECURSION = YES;
				CLANG_WARN_INT_CONVERSION = YES;
				CLANG_WARN_NON_LITERAL_NULL_CONVERSION = YES;
				CLANG_WARN_OBJC_IMPLICIT_RETAIN_SELF = YES;
				CLANG_WARN_OBJC_LITERAL_CONVERSION = YES;
				CLANG_WARN_OBJC_ROOT_CLASS = YES_ERROR;
				CLANG_WARN_QUOTED_INCLUDE_IN_FRAMEWORK_HEADER = YES;
				CLANG_WARN_RANGE_LOOP_ANALYSIS = YES;
				CLANG_WARN_STRICT_PROTOTYPES = YES;
				CLANG_WARN_SUSPICIOUS_MOVE = YES;
				CLANG_WARN_UNGUARDED_AVAILABILITY = YES_AGGRESSIVE;
				CLANG_WARN_UNREACHABLE_CODE = YES;
				CLANG_WARN__DUPLICATE_METHOD_MATCH = YES;
				COPY_PHASE_STRIP = NO;
				DEBUG_INFORMATION_FORMAT = dwarf;
				ENABLE_STRICT_OBJC_MSGSEND = YES;
				ENABLE_TESTABILITY = YES;
				GCC_C_LANGUAGE_STANDARD = gnu11;
				GCC_DYNAMIC_NO_PIC = NO;
				GCC_NO_COMMON_BLOCKS = YES;
				GCC_OPTIMIZATION_LEVEL = 0;
				GCC_PREPROCESSOR_DEFINITIONS = (
					"DEBUG=1",
					"$(inherited)",
				);
				GCC_WARN_64_TO_32_BIT_CONVERSION = YES;
				GCC_WARN_ABOUT_RETURN_TYPE = YES_ERROR;
				GCC_WARN_UNDECLARED_SELECTOR = YES;
				GCC_WARN_UNINITIALIZED_AUTOS = YES_AGGRESSIVE;
				GCC_WARN_UNUSED_FUNCTION = YES;
				GCC_WARN_UNUSED_VARIABLE = YES;
				IPHONEOS_DEPLOYMENT_TARGET = 16.2;
				MTL_ENABLE_DEBUG_INFO = INCLUDE_SOURCE;
				MTL_FAST_MATH = YES;
				ONLY_ACTIVE_ARCH = YES;
				SDKROOT = iphoneos;
				SWIFT_ACTIVE_COMPILATION_CONDITIONS = DEBUG;
				SWIFT_OPTIMIZATION_LEVEL = "-Onone";
			};
			name = Debug;
		};
		4A6756492A0D715F008C88F5 /* Release */ = {
			isa = XCBuildConfiguration;
			buildSettings = {
				ALWAYS_SEARCH_USER_PATHS = NO;
				CLANG_ANALYZER_NONNULL = YES;
				CLANG_ANALYZER_NUMBER_OBJECT_CONVERSION = YES_AGGRESSIVE;
				CLANG_CXX_LANGUAGE_STANDARD = "gnu++20";
				CLANG_ENABLE_MODULES = YES;
				CLANG_ENABLE_OBJC_ARC = YES;
				CLANG_ENABLE_OBJC_WEAK = YES;
				CLANG_WARN_BLOCK_CAPTURE_AUTORELEASING = YES;
				CLANG_WARN_BOOL_CONVERSION = YES;
				CLANG_WARN_COMMA = YES;
				CLANG_WARN_CONSTANT_CONVERSION = YES;
				CLANG_WARN_DEPRECATED_OBJC_IMPLEMENTATIONS = YES;
				CLANG_WARN_DIRECT_OBJC_ISA_USAGE = YES_ERROR;
				CLANG_WARN_DOCUMENTATION_COMMENTS = YES;
				CLANG_WARN_EMPTY_BODY = YES;
				CLANG_WARN_ENUM_CONVERSION = YES;
				CLANG_WARN_INFINITE_RECURSION = YES;
				CLANG_WARN_INT_CONVERSION = YES;
				CLANG_WARN_NON_LITERAL_NULL_CONVERSION = YES;
				CLANG_WARN_OBJC_IMPLICIT_RETAIN_SELF = YES;
				CLANG_WARN_OBJC_LITERAL_CONVERSION = YES;
				CLANG_WARN_OBJC_ROOT_CLASS = YES_ERROR;
				CLANG_WARN_QUOTED_INCLUDE_IN_FRAMEWORK_HEADER = YES;
				CLANG_WARN_RANGE_LOOP_ANALYSIS = YES;
				CLANG_WARN_STRICT_PROTOTYPES = YES;
				CLANG_WARN_SUSPICIOUS_MOVE = YES;
				CLANG_WARN_UNGUARDED_AVAILABILITY = YES_AGGRESSIVE;
				CLANG_WARN_UNREACHABLE_CODE = YES;
				CLANG_WARN__DUPLICATE_METHOD_MATCH = YES;
				COPY_PHASE_STRIP = NO;
				DEBUG_INFORMATION_FORMAT = "dwarf-with-dsym";
				ENABLE_NS_ASSERTIONS = NO;
				ENABLE_STRICT_OBJC_MSGSEND = YES;
				GCC_C_LANGUAGE_STANDARD = gnu11;
				GCC_NO_COMMON_BLOCKS = YES;
				GCC_WARN_64_TO_32_BIT_CONVERSION = YES;
				GCC_WARN_ABOUT_RETURN_TYPE = YES_ERROR;
				GCC_WARN_UNDECLARED_SELECTOR = YES;
				GCC_WARN_UNINITIALIZED_AUTOS = YES_AGGRESSIVE;
				GCC_WARN_UNUSED_FUNCTION = YES;
				GCC_WARN_UNUSED_VARIABLE = YES;
				IPHONEOS_DEPLOYMENT_TARGET = 16.2;
				MTL_ENABLE_DEBUG_INFO = NO;
				MTL_FAST_MATH = YES;
				SDKROOT = iphoneos;
				SWIFT_COMPILATION_MODE = wholemodule;
				SWIFT_OPTIMIZATION_LEVEL = "-O";
				VALIDATE_PRODUCT = YES;
			};
			name = Release;
		};
		4A67564B2A0D715F008C88F5 /* Debug */ = {
			isa = XCBuildConfiguration;
			buildSettings = {
				ASSETCATALOG_COMPILER_APPICON_NAME = AppIcon;
				ASSETCATALOG_COMPILER_GLOBAL_ACCENT_COLOR_NAME = AccentColor;
				CODE_SIGN_STYLE = Automatic;
				CURRENT_PROJECT_VERSION = 1;
				DEVELOPMENT_TEAM = YJCHVPQ6N4;
				GENERATE_INFOPLIST_FILE = YES;
				INFOPLIST_FILE = JokeApp/Info.plist;
				INFOPLIST_KEY_UIApplicationSupportsIndirectInputEvents = YES;
				INFOPLIST_KEY_UILaunchStoryboardName = LaunchScreen;
				INFOPLIST_KEY_UIMainStoryboardFile = Main;
				INFOPLIST_KEY_UISupportedInterfaceOrientations_iPad = "UIInterfaceOrientationPortrait UIInterfaceOrientationPortraitUpsideDown UIInterfaceOrientationLandscapeLeft UIInterfaceOrientationLandscapeRight";
				INFOPLIST_KEY_UISupportedInterfaceOrientations_iPhone = "UIInterfaceOrientationPortrait UIInterfaceOrientationLandscapeLeft UIInterfaceOrientationLandscapeRight";
				LD_RUNPATH_SEARCH_PATHS = (
					"$(inherited)",
					"@executable_path/Frameworks",
				);
				MARKETING_VERSION = 1.0;
				PRODUCT_BUNDLE_IDENTIFIER = ru.IuriiKarpunov.JokeApp;
				PRODUCT_NAME = "$(TARGET_NAME)";
				SWIFT_EMIT_LOC_STRINGS = YES;
				SWIFT_VERSION = 5.0;
				TARGETED_DEVICE_FAMILY = "1,2";
			};
			name = Debug;
		};
		4A67564C2A0D715F008C88F5 /* Release */ = {
			isa = XCBuildConfiguration;
			buildSettings = {
				ASSETCATALOG_COMPILER_APPICON_NAME = AppIcon;
				ASSETCATALOG_COMPILER_GLOBAL_ACCENT_COLOR_NAME = AccentColor;
				CODE_SIGN_STYLE = Automatic;
				CURRENT_PROJECT_VERSION = 1;
				DEVELOPMENT_TEAM = YJCHVPQ6N4;
				GENERATE_INFOPLIST_FILE = YES;
				INFOPLIST_FILE = JokeApp/Info.plist;
				INFOPLIST_KEY_UIApplicationSupportsIndirectInputEvents = YES;
				INFOPLIST_KEY_UILaunchStoryboardName = LaunchScreen;
				INFOPLIST_KEY_UIMainStoryboardFile = Main;
				INFOPLIST_KEY_UISupportedInterfaceOrientations_iPad = "UIInterfaceOrientationPortrait UIInterfaceOrientationPortraitUpsideDown UIInterfaceOrientationLandscapeLeft UIInterfaceOrientationLandscapeRight";
				INFOPLIST_KEY_UISupportedInterfaceOrientations_iPhone = "UIInterfaceOrientationPortrait UIInterfaceOrientationLandscapeLeft UIInterfaceOrientationLandscapeRight";
				LD_RUNPATH_SEARCH_PATHS = (
					"$(inherited)",
					"@executable_path/Frameworks",
				);
				MARKETING_VERSION = 1.0;
				PRODUCT_BUNDLE_IDENTIFIER = ru.IuriiKarpunov.JokeApp;
				PRODUCT_NAME = "$(TARGET_NAME)";
				SWIFT_EMIT_LOC_STRINGS = YES;
				SWIFT_VERSION = 5.0;
				TARGETED_DEVICE_FAMILY = "1,2";
			};
			name = Release;
		};
		4A67564E2A0D715F008C88F5 /* Debug */ = {
			isa = XCBuildConfiguration;
			buildSettings = {
				ALWAYS_EMBED_SWIFT_STANDARD_LIBRARIES = YES;
				BUNDLE_LOADER = "$(TEST_HOST)";
				CODE_SIGN_STYLE = Automatic;
				CURRENT_PROJECT_VERSION = 1;
				DEVELOPMENT_TEAM = YJCHVPQ6N4;
				GENERATE_INFOPLIST_FILE = YES;
				IPHONEOS_DEPLOYMENT_TARGET = 16.2;
				MARKETING_VERSION = 1.0;
				PRODUCT_BUNDLE_IDENTIFIER = "Sprint-04.JokeAppTests";
				PRODUCT_NAME = "$(TARGET_NAME)";
				SWIFT_EMIT_LOC_STRINGS = NO;
				SWIFT_VERSION = 5.0;
				TARGETED_DEVICE_FAMILY = "1,2";
				TEST_HOST = "$(BUILT_PRODUCTS_DIR)/JokeApp.app/$(BUNDLE_EXECUTABLE_FOLDER_PATH)/JokeApp";
			};
			name = Debug;
		};
		4A67564F2A0D715F008C88F5 /* Release */ = {
			isa = XCBuildConfiguration;
			buildSettings = {
				ALWAYS_EMBED_SWIFT_STANDARD_LIBRARIES = YES;
				BUNDLE_LOADER = "$(TEST_HOST)";
				CODE_SIGN_STYLE = Automatic;
				CURRENT_PROJECT_VERSION = 1;
				DEVELOPMENT_TEAM = YJCHVPQ6N4;
				GENERATE_INFOPLIST_FILE = YES;
				IPHONEOS_DEPLOYMENT_TARGET = 16.2;
				MARKETING_VERSION = 1.0;
				PRODUCT_BUNDLE_IDENTIFIER = "Sprint-04.JokeAppTests";
				PRODUCT_NAME = "$(TARGET_NAME)";
				SWIFT_EMIT_LOC_STRINGS = NO;
				SWIFT_VERSION = 5.0;
				TARGETED_DEVICE_FAMILY = "1,2";
				TEST_HOST = "$(BUILT_PRODUCTS_DIR)/JokeApp.app/$(BUNDLE_EXECUTABLE_FOLDER_PATH)/JokeApp";
			};
			name = Release;
		};
		4A6756512A0D715F008C88F5 /* Debug */ = {
			isa = XCBuildConfiguration;
			buildSettings = {
				ALWAYS_EMBED_SWIFT_STANDARD_LIBRARIES = YES;
				CODE_SIGN_STYLE = Automatic;
				CURRENT_PROJECT_VERSION = 1;
				DEVELOPMENT_TEAM = YJCHVPQ6N4;
				GENERATE_INFOPLIST_FILE = YES;
				MARKETING_VERSION = 1.0;
				PRODUCT_BUNDLE_IDENTIFIER = "Sprint-04.JokeAppUITests";
				PRODUCT_NAME = "$(TARGET_NAME)";
				SWIFT_EMIT_LOC_STRINGS = NO;
				SWIFT_VERSION = 5.0;
				TARGETED_DEVICE_FAMILY = "1,2";
				TEST_TARGET_NAME = JokeApp;
			};
			name = Debug;
		};
		4A6756522A0D715F008C88F5 /* Release */ = {
			isa = XCBuildConfiguration;
			buildSettings = {
				ALWAYS_EMBED_SWIFT_STANDARD_LIBRARIES = YES;
				CODE_SIGN_STYLE = Automatic;
				CURRENT_PROJECT_VERSION = 1;
				DEVELOPMENT_TEAM = YJCHVPQ6N4;
				GENERATE_INFOPLIST_FILE = YES;
				MARKETING_VERSION = 1.0;
				PRODUCT_BUNDLE_IDENTIFIER = "Sprint-04.JokeAppUITests";
				PRODUCT_NAME = "$(TARGET_NAME)";
				SWIFT_EMIT_LOC_STRINGS = NO;
				SWIFT_VERSION = 5.0;
				TARGETED_DEVICE_FAMILY = "1,2";
				TEST_TARGET_NAME = JokeApp;
			};
			name = Release;
		};
/* End XCBuildConfiguration section */

/* Begin XCConfigurationList section */
		4A67561B2A0D715E008C88F5 /* Build configuration list for PBXProject "JokeApp" */ = {
			isa = XCConfigurationList;
			buildConfigurations = (
				4A6756482A0D715F008C88F5 /* Debug */,
				4A6756492A0D715F008C88F5 /* Release */,
			);
			defaultConfigurationIsVisible = 0;
			defaultConfigurationName = Release;
		};
		4A67564A2A0D715F008C88F5 /* Build configuration list for PBXNativeTarget "JokeApp" */ = {
			isa = XCConfigurationList;
			buildConfigurations = (
				4A67564B2A0D715F008C88F5 /* Debug */,
				4A67564C2A0D715F008C88F5 /* Release */,
			);
			defaultConfigurationIsVisible = 0;
			defaultConfigurationName = Release;
		};
		4A67564D2A0D715F008C88F5 /* Build configuration list for PBXNativeTarget "JokeAppTests" */ = {
			isa = XCConfigurationList;
			buildConfigurations = (
				4A67564E2A0D715F008C88F5 /* Debug */,
				4A67564F2A0D715F008C88F5 /* Release */,
			);
			defaultConfigurationIsVisible = 0;
			defaultConfigurationName = Release;
		};
		4A6756502A0D715F008C88F5 /* Build configuration list for PBXNativeTarget "JokeAppUITests" */ = {
			isa = XCConfigurationList;
			buildConfigurations = (
				4A6756512A0D715F008C88F5 /* Debug */,
				4A6756522A0D715F008C88F5 /* Release */,
			);
			defaultConfigurationIsVisible = 0;
			defaultConfigurationName = Release;
		};
/* End XCConfigurationList section */
	};
	rootObject = 4A6756182A0D715E008C88F5 /* Project object */;
}
